// !$*UTF8*$!
{
	archiveVersion = 1;
	classes = {
	};
	objectVersion = 56;
	objects = {

/* Begin PBXBuildFile section */
		27499CF32B237BE70040C00A /* GoogleService-Info.plist in Resources */ = {isa = PBXBuildFile; fileRef = 27499CF22B237BE70040C00A /* GoogleService-Info.plist */; };
		27F967062B21EF83001D412B /* FirebaseFirestore in Frameworks */ = {isa = PBXBuildFile; productRef = 27F967052B21EF83001D412B /* FirebaseFirestore */; };
		27F967082B21EF83001D412B /* FirebaseFirestoreSwift in Frameworks */ = {isa = PBXBuildFile; productRef = 27F967072B21EF83001D412B /* FirebaseFirestoreSwift */; };
		27F9670C2B21FB05001D412B /* DetailRecipeViewController.swift in Sources */ = {isa = PBXBuildFile; fileRef = 27F9670B2B21FB05001D412B /* DetailRecipeViewController.swift */; };
		27F967102B220F6B001D412B /* RecipeModel.swift in Sources */ = {isa = PBXBuildFile; fileRef = 27F9670F2B220F6B001D412B /* RecipeModel.swift */; };
		67003B3F2B2063CA0001F996 /* HomeViewController.swift in Sources */ = {isa = PBXBuildFile; fileRef = 67003B3E2B2063CA0001F996 /* HomeViewController.swift */; };
		671B79C02B25AFCE00DD9058 /* SavedRecipeCollectionViewCell.swift in Sources */ = {isa = PBXBuildFile; fileRef = 671B79BF2B25AFCE00DD9058 /* SavedRecipeCollectionViewCell.swift */; };
		676454812B1F791600CF63B3 /* RecipeTableViewCell.swift in Sources */ = {isa = PBXBuildFile; fileRef = 676454802B1F791600CF63B3 /* RecipeTableViewCell.swift */; };
		676454832B1F7BEA00CF63B3 /* RegisterViewController.swift in Sources */ = {isa = PBXBuildFile; fileRef = 676454822B1F7BEA00CF63B3 /* RegisterViewController.swift */; };
		676DFA7E2B270D21004CB4B7 /* IngredientsViewController.swift in Sources */ = {isa = PBXBuildFile; fileRef = 676DFA7D2B270D21004CB4B7 /* IngredientsViewController.swift */; };
		677F342D2B23466F00300C72 /* UserModel.swift in Sources */ = {isa = PBXBuildFile; fileRef = 677F342C2B23466F00300C72 /* UserModel.swift */; };
		67BD82FC2B24EE3200AD0A45 /* IngredientsTableViewCell.swift in Sources */ = {isa = PBXBuildFile; fileRef = 67BD82FB2B24EE3200AD0A45 /* IngredientsTableViewCell.swift */; };
		67BD82FE2B24EE8A00AD0A45 /* StepsTableViewCell.swift in Sources */ = {isa = PBXBuildFile; fileRef = 67BD82FD2B24EE8A00AD0A45 /* StepsTableViewCell.swift */; };
		67E0F5992B25CADC0071B0DD /* BookmarkViewController.swift in Sources */ = {isa = PBXBuildFile; fileRef = 67E0F5982B25CADC0071B0DD /* BookmarkViewController.swift */; };
		67E1CBAF2AE7B84200D11E9D /* AppDelegate.swift in Sources */ = {isa = PBXBuildFile; fileRef = 67E1CBAE2AE7B84200D11E9D /* AppDelegate.swift */; };
		67E1CBB12AE7B84200D11E9D /* SceneDelegate.swift in Sources */ = {isa = PBXBuildFile; fileRef = 67E1CBB02AE7B84200D11E9D /* SceneDelegate.swift */; };
		67E1CBB32AE7B84200D11E9D /* ViewController.swift in Sources */ = {isa = PBXBuildFile; fileRef = 67E1CBB22AE7B84200D11E9D /* ViewController.swift */; };
		67E1CBB62AE7B84200D11E9D /* Main.storyboard in Resources */ = {isa = PBXBuildFile; fileRef = 67E1CBB42AE7B84200D11E9D /* Main.storyboard */; };
		67E1CBB82AE7B84300D11E9D /* Assets.xcassets in Resources */ = {isa = PBXBuildFile; fileRef = 67E1CBB72AE7B84300D11E9D /* Assets.xcassets */; };
		67E1CBBB2AE7B84300D11E9D /* LaunchScreen.storyboard in Resources */ = {isa = PBXBuildFile; fileRef = 67E1CBB92AE7B84300D11E9D /* LaunchScreen.storyboard */; };
/* End PBXBuildFile section */

/* Begin PBXFileReference section */
		27499CF22B237BE70040C00A /* GoogleService-Info.plist */ = {isa = PBXFileReference; fileEncoding = 4; lastKnownFileType = text.plist.xml; name = "GoogleService-Info.plist"; path = "Models/GoogleService-Info.plist"; sourceTree = "<group>"; };
		27F9670B2B21FB05001D412B /* DetailRecipeViewController.swift */ = {isa = PBXFileReference; lastKnownFileType = sourcecode.swift; path = DetailRecipeViewController.swift; sourceTree = "<group>"; };
		27F9670F2B220F6B001D412B /* RecipeModel.swift */ = {isa = PBXFileReference; lastKnownFileType = sourcecode.swift; path = RecipeModel.swift; sourceTree = "<group>"; };
		67003B3E2B2063CA0001F996 /* HomeViewController.swift */ = {isa = PBXFileReference; lastKnownFileType = sourcecode.swift; path = HomeViewController.swift; sourceTree = "<group>"; };
		671B79BF2B25AFCE00DD9058 /* SavedRecipeCollectionViewCell.swift */ = {isa = PBXFileReference; lastKnownFileType = sourcecode.swift; path = SavedRecipeCollectionViewCell.swift; sourceTree = "<group>"; };
		676454802B1F791600CF63B3 /* RecipeTableViewCell.swift */ = {isa = PBXFileReference; lastKnownFileType = sourcecode.swift; path = RecipeTableViewCell.swift; sourceTree = "<group>"; };
		676454822B1F7BEA00CF63B3 /* RegisterViewController.swift */ = {isa = PBXFileReference; lastKnownFileType = sourcecode.swift; path = RegisterViewController.swift; sourceTree = "<group>"; };
		676DFA7D2B270D21004CB4B7 /* IngredientsViewController.swift */ = {isa = PBXFileReference; lastKnownFileType = sourcecode.swift; path = IngredientsViewController.swift; sourceTree = "<group>"; };
		677F342C2B23466F00300C72 /* UserModel.swift */ = {isa = PBXFileReference; lastKnownFileType = sourcecode.swift; path = UserModel.swift; sourceTree = "<group>"; };
		67BD82FB2B24EE3200AD0A45 /* IngredientsTableViewCell.swift */ = {isa = PBXFileReference; lastKnownFileType = sourcecode.swift; path = IngredientsTableViewCell.swift; sourceTree = "<group>"; };
		67BD82FD2B24EE8A00AD0A45 /* StepsTableViewCell.swift */ = {isa = PBXFileReference; lastKnownFileType = sourcecode.swift; path = StepsTableViewCell.swift; sourceTree = "<group>"; };
		67E0F5982B25CADC0071B0DD /* BookmarkViewController.swift */ = {isa = PBXFileReference; lastKnownFileType = sourcecode.swift; path = BookmarkViewController.swift; sourceTree = "<group>"; };
		67E1CBAB2AE7B84200D11E9D /* FlavorFlip.app */ = {isa = PBXFileReference; explicitFileType = wrapper.application; includeInIndex = 0; path = FlavorFlip.app; sourceTree = BUILT_PRODUCTS_DIR; };
		67E1CBAE2AE7B84200D11E9D /* AppDelegate.swift */ = {isa = PBXFileReference; lastKnownFileType = sourcecode.swift; path = AppDelegate.swift; sourceTree = "<group>"; };
		67E1CBB02AE7B84200D11E9D /* SceneDelegate.swift */ = {isa = PBXFileReference; lastKnownFileType = sourcecode.swift; path = SceneDelegate.swift; sourceTree = "<group>"; };
		67E1CBB22AE7B84200D11E9D /* ViewController.swift */ = {isa = PBXFileReference; lastKnownFileType = sourcecode.swift; path = ViewController.swift; sourceTree = "<group>"; };
		67E1CBB52AE7B84200D11E9D /* Base */ = {isa = PBXFileReference; lastKnownFileType = file.storyboard; name = Base; path = Base.lproj/Main.storyboard; sourceTree = "<group>"; };
		67E1CBB72AE7B84300D11E9D /* Assets.xcassets */ = {isa = PBXFileReference; lastKnownFileType = folder.assetcatalog; path = Assets.xcassets; sourceTree = "<group>"; };
		67E1CBBA2AE7B84300D11E9D /* Base */ = {isa = PBXFileReference; lastKnownFileType = file.storyboard; name = Base; path = Base.lproj/LaunchScreen.storyboard; sourceTree = "<group>"; };
		67E1CBBC2AE7B84300D11E9D /* Info.plist */ = {isa = PBXFileReference; lastKnownFileType = text.plist.xml; path = Info.plist; sourceTree = "<group>"; };
/* End PBXFileReference section */

/* Begin PBXFrameworksBuildPhase section */
		67E1CBA82AE7B84200D11E9D /* Frameworks */ = {
			isa = PBXFrameworksBuildPhase;
			buildActionMask = 2147483647;
			files = (
				27F967062B21EF83001D412B /* FirebaseFirestore in Frameworks */,
				27F967082B21EF83001D412B /* FirebaseFirestoreSwift in Frameworks */,
			);
			runOnlyForDeploymentPostprocessing = 0;
		};
/* End PBXFrameworksBuildPhase section */

/* Begin PBXGroup section */
		677F342A2B2345F700300C72 /* Models */ = {
			isa = PBXGroup;
			children = (
				27F9670F2B220F6B001D412B /* RecipeModel.swift */,
				677F342C2B23466F00300C72 /* UserModel.swift */,
			);
			path = Models;
			sourceTree = "<group>";
		};
		677F342B2B23461D00300C72 /* ViewControllers */ = {
			isa = PBXGroup;
			children = (
				676DFA7D2B270D21004CB4B7 /* IngredientsViewController.swift */,
				67E1CBB22AE7B84200D11E9D /* ViewController.swift */,
				676454822B1F7BEA00CF63B3 /* RegisterViewController.swift */,
				67003B3E2B2063CA0001F996 /* HomeViewController.swift */,
				27F9670B2B21FB05001D412B /* DetailRecipeViewController.swift */,
				67E0F5982B25CADC0071B0DD /* BookmarkViewController.swift */,
			);
			path = ViewControllers;
			sourceTree = "<group>";
		};
		67BD82FA2B24EE0F00AD0A45 /* TableViewCells */ = {
			isa = PBXGroup;
			children = (
				676454802B1F791600CF63B3 /* RecipeTableViewCell.swift */,
				67BD82FB2B24EE3200AD0A45 /* IngredientsTableViewCell.swift */,
				67BD82FD2B24EE8A00AD0A45 /* StepsTableViewCell.swift */,
			);
			path = TableViewCells;
			sourceTree = "<group>";
		};
		67D2173E2B2A142D00F5CE75 /* CollectionViewCell */ = {
			isa = PBXGroup;
			children = (
				671B79BF2B25AFCE00DD9058 /* SavedRecipeCollectionViewCell.swift */,
			);
			path = CollectionViewCell;
			sourceTree = "<group>";
		};
		67E1CBA22AE7B84200D11E9D = {
			isa = PBXGroup;
			children = (
				67E1CBAD2AE7B84200D11E9D /* FlavorFlip */,
				67E1CBAC2AE7B84200D11E9D /* Products */,
			);
			sourceTree = "<group>";
		};
		67E1CBAC2AE7B84200D11E9D /* Products */ = {
			isa = PBXGroup;
			children = (
				67E1CBAB2AE7B84200D11E9D /* FlavorFlip.app */,
			);
			name = Products;
			sourceTree = "<group>";
		};
		67E1CBAD2AE7B84200D11E9D /* FlavorFlip */ = {
			isa = PBXGroup;
			children = (
				67D2173E2B2A142D00F5CE75 /* CollectionViewCell */,
				67BD82FA2B24EE0F00AD0A45 /* TableViewCells */,
				677F342B2B23461D00300C72 /* ViewControllers */,
				677F342A2B2345F700300C72 /* Models */,
				67E1CBAE2AE7B84200D11E9D /* AppDelegate.swift */,
				67E1CBB02AE7B84200D11E9D /* SceneDelegate.swift */,
				67E1CBB42AE7B84200D11E9D /* Main.storyboard */,
				67E1CBB72AE7B84300D11E9D /* Assets.xcassets */,
				67E1CBB92AE7B84300D11E9D /* LaunchScreen.storyboard */,
				27499CF22B237BE70040C00A /* GoogleService-Info.plist */,
				67E1CBBC2AE7B84300D11E9D /* Info.plist */,
			);
			path = FlavorFlip;
			sourceTree = "<group>";
		};
/* End PBXGroup section */

/* Begin PBXNativeTarget section */
		67E1CBAA2AE7B84200D11E9D /* FlavorFlip */ = {
			isa = PBXNativeTarget;
			buildConfigurationList = 67E1CBBF2AE7B84300D11E9D /* Build configuration list for PBXNativeTarget "FlavorFlip" */;
			buildPhases = (
				67E1CBA72AE7B84200D11E9D /* Sources */,
				67E1CBA82AE7B84200D11E9D /* Frameworks */,
				67E1CBA92AE7B84200D11E9D /* Resources */,
			);
			buildRules = (
			);
			dependencies = (
			);
			name = FlavorFlip;
			packageProductDependencies = (
				27F967052B21EF83001D412B /* FirebaseFirestore */,
				27F967072B21EF83001D412B /* FirebaseFirestoreSwift */,
			);
			productName = FlavorFlip;
			productReference = 67E1CBAB2AE7B84200D11E9D /* FlavorFlip.app */;
			productType = "com.apple.product-type.application";
		};
/* End PBXNativeTarget section */

/* Begin PBXProject section */
		67E1CBA32AE7B84200D11E9D /* Project object */ = {
			isa = PBXProject;
			attributes = {
				BuildIndependentTargetsInParallel = 1;
				LastSwiftUpdateCheck = 1430;
				LastUpgradeCheck = 1430;
				TargetAttributes = {
					67E1CBAA2AE7B84200D11E9D = {
						CreatedOnToolsVersion = 14.3.1;
					};
				};
			};
			buildConfigurationList = 67E1CBA62AE7B84200D11E9D /* Build configuration list for PBXProject "FlavorFlip" */;
			compatibilityVersion = "Xcode 14.0";
			developmentRegion = en;
			hasScannedForEncodings = 0;
			knownRegions = (
				en,
				Base,
			);
			mainGroup = 67E1CBA22AE7B84200D11E9D;
			packageReferences = (
				27F967042B21EF83001D412B /* XCRemoteSwiftPackageReference "firebase-ios-sdk" */,
			);
			productRefGroup = 67E1CBAC2AE7B84200D11E9D /* Products */;
			projectDirPath = "";
			projectRoot = "";
			targets = (
				67E1CBAA2AE7B84200D11E9D /* FlavorFlip */,
			);
		};
/* End PBXProject section */

/* Begin PBXResourcesBuildPhase section */
		67E1CBA92AE7B84200D11E9D /* Resources */ = {
			isa = PBXResourcesBuildPhase;
			buildActionMask = 2147483647;
			files = (
				67E1CBBB2AE7B84300D11E9D /* LaunchScreen.storyboard in Resources */,
				27499CF32B237BE70040C00A /* GoogleService-Info.plist in Resources */,
				67E1CBB82AE7B84300D11E9D /* Assets.xcassets in Resources */,
				67E1CBB62AE7B84200D11E9D /* Main.storyboard in Resources */,
			);
			runOnlyForDeploymentPostprocessing = 0;
		};
/* End PBXResourcesBuildPhase section */

/* Begin PBXSourcesBuildPhase section */
		67E1CBA72AE7B84200D11E9D /* Sources */ = {
			isa = PBXSourcesBuildPhase;
			buildActionMask = 2147483647;
			files = (
				67BD82FC2B24EE3200AD0A45 /* IngredientsTableViewCell.swift in Sources */,
				67E1CBB32AE7B84200D11E9D /* ViewController.swift in Sources */,
				27F9670C2B21FB05001D412B /* DetailRecipeViewController.swift in Sources */,
				676454832B1F7BEA00CF63B3 /* RegisterViewController.swift in Sources */,
				67E1CBAF2AE7B84200D11E9D /* AppDelegate.swift in Sources */,
				67E1CBB12AE7B84200D11E9D /* SceneDelegate.swift in Sources */,
				671B79C02B25AFCE00DD9058 /* SavedRecipeCollectionViewCell.swift in Sources */,
				27F967102B220F6B001D412B /* RecipeModel.swift in Sources */,
				67BD82FE2B24EE8A00AD0A45 /* StepsTableViewCell.swift in Sources */,
				67E0F5992B25CADC0071B0DD /* BookmarkViewController.swift in Sources */,
				676454812B1F791600CF63B3 /* RecipeTableViewCell.swift in Sources */,
				676DFA7E2B270D21004CB4B7 /* IngredientsViewController.swift in Sources */,
				677F342D2B23466F00300C72 /* UserModel.swift in Sources */,
				67003B3F2B2063CA0001F996 /* HomeViewController.swift in Sources */,
			);
			runOnlyForDeploymentPostprocessing = 0;
		};
/* End PBXSourcesBuildPhase section */

/* Begin PBXVariantGroup section */
		67E1CBB42AE7B84200D11E9D /* Main.storyboard */ = {
			isa = PBXVariantGroup;
			children = (
				67E1CBB52AE7B84200D11E9D /* Base */,
			);
			name = Main.storyboard;
			sourceTree = "<group>";
		};
		67E1CBB92AE7B84300D11E9D /* LaunchScreen.storyboard */ = {
			isa = PBXVariantGroup;
			children = (
				67E1CBBA2AE7B84300D11E9D /* Base */,
			);
			name = LaunchScreen.storyboard;
			sourceTree = "<group>";
		};
/* End PBXVariantGroup section */

/* Begin XCBuildConfiguration section */
		67E1CBBD2AE7B84300D11E9D /* Debug */ = {
			isa = XCBuildConfiguration;
			buildSettings = {
				ALWAYS_SEARCH_USER_PATHS = NO;
				CLANG_ANALYZER_NONNULL = YES;
				CLANG_ANALYZER_NUMBER_OBJECT_CONVERSION = YES_AGGRESSIVE;
				CLANG_CXX_LANGUAGE_STANDARD = "gnu++20";
				CLANG_ENABLE_MODULES = YES;
				CLANG_ENABLE_OBJC_ARC = YES;
				CLANG_ENABLE_OBJC_WEAK = YES;
				CLANG_WARN_BLOCK_CAPTURE_AUTORELEASING = YES;
				CLANG_WARN_BOOL_CONVERSION = YES;
				CLANG_WARN_COMMA = YES;
				CLANG_WARN_CONSTANT_CONVERSION = YES;
				CLANG_WARN_DEPRECATED_OBJC_IMPLEMENTATIONS = YES;
				CLANG_WARN_DIRECT_OBJC_ISA_USAGE = YES_ERROR;
				CLANG_WARN_DOCUMENTATION_COMMENTS = YES;
				CLANG_WARN_EMPTY_BODY = YES;
				CLANG_WARN_ENUM_CONVERSION = YES;
				CLANG_WARN_INFINITE_RECURSION = YES;
				CLANG_WARN_INT_CONVERSION = YES;
				CLANG_WARN_NON_LITERAL_NULL_CONVERSION = YES;
				CLANG_WARN_OBJC_IMPLICIT_RETAIN_SELF = YES;
				CLANG_WARN_OBJC_LITERAL_CONVERSION = YES;
				CLANG_WARN_OBJC_ROOT_CLASS = YES_ERROR;
				CLANG_WARN_QUOTED_INCLUDE_IN_FRAMEWORK_HEADER = YES;
				CLANG_WARN_RANGE_LOOP_ANALYSIS = YES;
				CLANG_WARN_STRICT_PROTOTYPES = YES;
				CLANG_WARN_SUSPICIOUS_MOVE = YES;
				CLANG_WARN_UNGUARDED_AVAILABILITY = YES_AGGRESSIVE;
				CLANG_WARN_UNREACHABLE_CODE = YES;
				CLANG_WARN__DUPLICATE_METHOD_MATCH = YES;
				COPY_PHASE_STRIP = NO;
				DEBUG_INFORMATION_FORMAT = dwarf;
				ENABLE_STRICT_OBJC_MSGSEND = YES;
				ENABLE_TESTABILITY = YES;
				GCC_C_LANGUAGE_STANDARD = gnu11;
				GCC_DYNAMIC_NO_PIC = NO;
				GCC_NO_COMMON_BLOCKS = YES;
				GCC_OPTIMIZATION_LEVEL = 0;
				GCC_PREPROCESSOR_DEFINITIONS = (
					"DEBUG=1",
					"$(inherited)",
				);
				GCC_WARN_64_TO_32_BIT_CONVERSION = YES;
				GCC_WARN_ABOUT_RETURN_TYPE = YES_ERROR;
				GCC_WARN_UNDECLARED_SELECTOR = YES;
				GCC_WARN_UNINITIALIZED_AUTOS = YES_AGGRESSIVE;
				GCC_WARN_UNUSED_FUNCTION = YES;
				GCC_WARN_UNUSED_VARIABLE = YES;
				IPHONEOS_DEPLOYMENT_TARGET = 16.4;
				MTL_ENABLE_DEBUG_INFO = INCLUDE_SOURCE;
				MTL_FAST_MATH = YES;
				ONLY_ACTIVE_ARCH = YES;
				SDKROOT = iphoneos;
				SWIFT_ACTIVE_COMPILATION_CONDITIONS = DEBUG;
				SWIFT_OPTIMIZATION_LEVEL = "-Onone";
			};
			name = Debug;
		};
		67E1CBBE2AE7B84300D11E9D /* Release */ = {
			isa = XCBuildConfiguration;
			buildSettings = {
				ALWAYS_SEARCH_USER_PATHS = NO;
				CLANG_ANALYZER_NONNULL = YES;
				CLANG_ANALYZER_NUMBER_OBJECT_CONVERSION = YES_AGGRESSIVE;
				CLANG_CXX_LANGUAGE_STANDARD = "gnu++20";
				CLANG_ENABLE_MODULES = YES;
				CLANG_ENABLE_OBJC_ARC = YES;
				CLANG_ENABLE_OBJC_WEAK = YES;
				CLANG_WARN_BLOCK_CAPTURE_AUTORELEASING = YES;
				CLANG_WARN_BOOL_CONVERSION = YES;
				CLANG_WARN_COMMA = YES;
				CLANG_WARN_CONSTANT_CONVERSION = YES;
				CLANG_WARN_DEPRECATED_OBJC_IMPLEMENTATIONS = YES;
				CLANG_WARN_DIRECT_OBJC_ISA_USAGE = YES_ERROR;
				CLANG_WARN_DOCUMENTATION_COMMENTS = YES;
				CLANG_WARN_EMPTY_BODY = YES;
				CLANG_WARN_ENUM_CONVERSION = YES;
				CLANG_WARN_INFINITE_RECURSION = YES;
				CLANG_WARN_INT_CONVERSION = YES;
				CLANG_WARN_NON_LITERAL_NULL_CONVERSION = YES;
				CLANG_WARN_OBJC_IMPLICIT_RETAIN_SELF = YES;
				CLANG_WARN_OBJC_LITERAL_CONVERSION = YES;
				CLANG_WARN_OBJC_ROOT_CLASS = YES_ERROR;
				CLANG_WARN_QUOTED_INCLUDE_IN_FRAMEWORK_HEADER = YES;
				CLANG_WARN_RANGE_LOOP_ANALYSIS = YES;
				CLANG_WARN_STRICT_PROTOTYPES = YES;
				CLANG_WARN_SUSPICIOUS_MOVE = YES;
				CLANG_WARN_UNGUARDED_AVAILABILITY = YES_AGGRESSIVE;
				CLANG_WARN_UNREACHABLE_CODE = YES;
				CLANG_WARN__DUPLICATE_METHOD_MATCH = YES;
				COPY_PHASE_STRIP = NO;
				DEBUG_INFORMATION_FORMAT = "dwarf-with-dsym";
				ENABLE_NS_ASSERTIONS = NO;
				ENABLE_STRICT_OBJC_MSGSEND = YES;
				GCC_C_LANGUAGE_STANDARD = gnu11;
				GCC_NO_COMMON_BLOCKS = YES;
				GCC_WARN_64_TO_32_BIT_CONVERSION = YES;
				GCC_WARN_ABOUT_RETURN_TYPE = YES_ERROR;
				GCC_WARN_UNDECLARED_SELECTOR = YES;
				GCC_WARN_UNINITIALIZED_AUTOS = YES_AGGRESSIVE;
				GCC_WARN_UNUSED_FUNCTION = YES;
				GCC_WARN_UNUSED_VARIABLE = YES;
				IPHONEOS_DEPLOYMENT_TARGET = 16.4;
				MTL_ENABLE_DEBUG_INFO = NO;
				MTL_FAST_MATH = YES;
				SDKROOT = iphoneos;
				SWIFT_COMPILATION_MODE = wholemodule;
				SWIFT_OPTIMIZATION_LEVEL = "-O";
				VALIDATE_PRODUCT = YES;
			};
			name = Release;
		};
		67E1CBC02AE7B84300D11E9D /* Debug */ = {
			isa = XCBuildConfiguration;
			buildSettings = {
				ASSETCATALOG_COMPILER_APPICON_NAME = AppIcon;
				ASSETCATALOG_COMPILER_GLOBAL_ACCENT_COLOR_NAME = AccentColor;
				CODE_SIGN_STYLE = Automatic;
				CURRENT_PROJECT_VERSION = 1;
				GENERATE_INFOPLIST_FILE = YES;
				INFOPLIST_FILE = FlavorFlip/Info.plist;
				INFOPLIST_KEY_CFBundleDisplayName = FlavorFlip;
				INFOPLIST_KEY_LSApplicationCategoryType = "public.app-category.food-and-drink";
				INFOPLIST_KEY_UIApplicationSupportsIndirectInputEvents = YES;
				INFOPLIST_KEY_UILaunchStoryboardName = LaunchScreen;
				INFOPLIST_KEY_UIMainStoryboardFile = Main;
				INFOPLIST_KEY_UISupportedInterfaceOrientations_iPad = "UIInterfaceOrientationPortrait UIInterfaceOrientationPortraitUpsideDown UIInterfaceOrientationLandscapeLeft UIInterfaceOrientationLandscapeRight";
				INFOPLIST_KEY_UISupportedInterfaceOrientations_iPhone = "UIInterfaceOrientationPortrait UIInterfaceOrientationLandscapeLeft UIInterfaceOrientationLandscapeRight";
				LD_RUNPATH_SEARCH_PATHS = (
					"$(inherited)",
					"@executable_path/Frameworks",
				);
				MARKETING_VERSION = 1.0;
				PRODUCT_BUNDLE_IDENTIFIER = binus.FlavorFlip;
				PRODUCT_NAME = "$(TARGET_NAME)";
				SWIFT_EMIT_LOC_STRINGS = YES;
				SWIFT_VERSION = 5.0;
				TARGETED_DEVICE_FAMILY = "1,2";
			};
			name = Debug;
		};
		67E1CBC12AE7B84300D11E9D /* Release */ = {
			isa = XCBuildConfiguration;
			buildSettings = {
				ASSETCATALOG_COMPILER_APPICON_NAME = AppIcon;
				ASSETCATALOG_COMPILER_GLOBAL_ACCENT_COLOR_NAME = AccentColor;
				CODE_SIGN_STYLE = Automatic;
				CURRENT_PROJECT_VERSION = 1;
				GENERATE_INFOPLIST_FILE = YES;
				INFOPLIST_FILE = FlavorFlip/Info.plist;
				INFOPLIST_KEY_CFBundleDisplayName = FlavorFlip;
				INFOPLIST_KEY_LSApplicationCategoryType = "public.app-category.food-and-drink";
				INFOPLIST_KEY_UIApplicationSupportsIndirectInputEvents = YES;
				INFOPLIST_KEY_UILaunchStoryboardName = LaunchScreen;
				INFOPLIST_KEY_UIMainStoryboardFile = Main;
				INFOPLIST_KEY_UISupportedInterfaceOrientations_iPad = "UIInterfaceOrientationPortrait UIInterfaceOrientationPortraitUpsideDown UIInterfaceOrientationLandscapeLeft UIInterfaceOrientationLandscapeRight";
				INFOPLIST_KEY_UISupportedInterfaceOrientations_iPhone = "UIInterfaceOrientationPortrait UIInterfaceOrientationLandscapeLeft UIInterfaceOrientationLandscapeRight";
				LD_RUNPATH_SEARCH_PATHS = (
					"$(inherited)",
					"@executable_path/Frameworks",
				);
				MARKETING_VERSION = 1.0;
				PRODUCT_BUNDLE_IDENTIFIER = binus.FlavorFlip;
				PRODUCT_NAME = "$(TARGET_NAME)";
				SWIFT_EMIT_LOC_STRINGS = YES;
				SWIFT_VERSION = 5.0;
				TARGETED_DEVICE_FAMILY = "1,2";
			};
			name = Release;
		};
/* End XCBuildConfiguration section */

/* Begin XCConfigurationList section */
		67E1CBA62AE7B84200D11E9D /* Build configuration list for PBXProject "FlavorFlip" */ = {
			isa = XCConfigurationList;
			buildConfigurations = (
				67E1CBBD2AE7B84300D11E9D /* Debug */,
				67E1CBBE2AE7B84300D11E9D /* Release */,
			);
			defaultConfigurationIsVisible = 0;
			defaultConfigurationName = Release;
		};
		67E1CBBF2AE7B84300D11E9D /* Build configuration list for PBXNativeTarget "FlavorFlip" */ = {
			isa = XCConfigurationList;
			buildConfigurations = (
				67E1CBC02AE7B84300D11E9D /* Debug */,
				67E1CBC12AE7B84300D11E9D /* Release */,
			);
			defaultConfigurationIsVisible = 0;
			defaultConfigurationName = Release;
		};
/* End XCConfigurationList section */

/* Begin XCRemoteSwiftPackageReference section */
		27F967042B21EF83001D412B /* XCRemoteSwiftPackageReference "firebase-ios-sdk" */ = {
			isa = XCRemoteSwiftPackageReference;
			repositoryURL = "https://github.com/firebase/firebase-ios-sdk";
			requirement = {
				kind = upToNextMajorVersion;
				minimumVersion = 10.0.0;
			};
		};
/* End XCRemoteSwiftPackageReference section */

/* Begin XCSwiftPackageProductDependency section */
		27F967052B21EF83001D412B /* FirebaseFirestore */ = {
			isa = XCSwiftPackageProductDependency;
			package = 27F967042B21EF83001D412B /* XCRemoteSwiftPackageReference "firebase-ios-sdk" */;
			productName = FirebaseFirestore;
		};
		27F967072B21EF83001D412B /* FirebaseFirestoreSwift */ = {
			isa = XCSwiftPackageProductDependency;
			package = 27F967042B21EF83001D412B /* XCRemoteSwiftPackageReference "firebase-ios-sdk" */;
			productName = FirebaseFirestoreSwift;
		};
/* End XCSwiftPackageProductDependency section */
	};
	rootObject = 67E1CBA32AE7B84200D11E9D /* Project object */;
}
